// !$*UTF8*$!
{
	archiveVersion = 1;
	classes = {
	};
	objectVersion = 77;
	objects = {

/* Begin PBXBuildFile section */
		105F72F4B3EAB9320813CF63 /* KeychainService.swift in Sources */ = {isa = PBXBuildFile; fileRef = 778F84809790C502F6F828D7 /* KeychainService.swift */; };
		17C51D9E62AD9FDDD2C3C101 /* SettingsView.swift in Sources */ = {isa = PBXBuildFile; fileRef = 53AAA201429ADFA122A77BE6 /* SettingsView.swift */; };
		30244A95D44A34FD70EF09C6 /* BacklogStore.swift in Sources */ = {isa = PBXBuildFile; fileRef = DC30797F24C88F63610ABCBC /* BacklogStore.swift */; };
		48E6D5F1F0560E9EA5E59976 /* Backlog.swift in Sources */ = {isa = PBXBuildFile; fileRef = F89A21EBB852501EBE385C17 /* Backlog.swift */; };
		4903A02E80D42F12A5FD95E1 /* ChatMessage.swift in Sources */ = {isa = PBXBuildFile; fileRef = 4002B3873E2D9DE0E0A232B4 /* ChatMessage.swift */; };
		4FD1BD9EF30B64C44C17D09F /* SidebarView.swift in Sources */ = {isa = PBXBuildFile; fileRef = 033A4080AE9512295A5FEF33 /* SidebarView.swift */; };
		56AE4E14BE7BD149F4276DA0 /* ContentView.swift in Sources */ = {isa = PBXBuildFile; fileRef = ECDBDA24A5A9254B6D172F1C /* ContentView.swift */; };
		680B9A0BD89FE5DD6FCC3D2F /* AgentChatView.swift in Sources */ = {isa = PBXBuildFile; fileRef = 70AEC4564AA9412061E81145 /* AgentChatView.swift */; };
		88B405E2129542EC28ED5CD9 /* GardenItem.swift in Sources */ = {isa = PBXBuildFile; fileRef = BC6F96B1A2856D1B1E5D1E0D /* GardenItem.swift */; };
		89AE60F27C1CAD0FC99F7C58 /* CategoryDetailView.swift in Sources */ = {isa = PBXBuildFile; fileRef = FA6DCEA52CA304E0117943BD /* CategoryDetailView.swift */; };
		9DF91EF743D954139F51E045 /* AddItemSheet.swift in Sources */ = {isa = PBXBuildFile; fileRef = 32B13480465DB52DF36594F6 /* AddItemSheet.swift */; };
		ABDE7E60B98169B5C205BD9B /* AddCategorySheet.swift in Sources */ = {isa = PBXBuildFile; fileRef = 9CC7E3CF269E70F46A54CB9E /* AddCategorySheet.swift */; };
		B7BCD7D673A7C6ED1D34EA55 /* AllItemsView.swift in Sources */ = {isa = PBXBuildFile; fileRef = FD5888356A710FD504A62143 /* AllItemsView.swift */; };
		BEFCBE37EDE89B00C5210FE0 /* GardenApp.swift in Sources */ = {isa = PBXBuildFile; fileRef = 8BCBE0D40AD4912CCD509C3D /* GardenApp.swift */; };
		D6A5BCCBBD4482B57CB51B2E /* ItemRow.swift in Sources */ = {isa = PBXBuildFile; fileRef = 1A7237629BDEC9C10C538B31 /* ItemRow.swift */; };
		DA9AC228ADDEF2BADF30A89A /* AgentService.swift in Sources */ = {isa = PBXBuildFile; fileRef = A0AFBA7B88FA19AC2D4BD155 /* AgentService.swift */; };
		FFFF69F6E60BB0249C0FD2BF /* Assets.xcassets in Resources */ = {isa = PBXBuildFile; fileRef = D8D69B362186AB5F8A665668 /* Assets.xcassets */; };
/* End PBXBuildFile section */

/* Begin PBXFileReference section */
		02C59649B1EB3657E43C1662 /* Garden.app */ = {isa = PBXFileReference; explicitFileType = wrapper.application; includeInIndex = 0; path = Garden.app; sourceTree = BUILT_PRODUCTS_DIR; };
		033A4080AE9512295A5FEF33 /* SidebarView.swift */ = {isa = PBXFileReference; lastKnownFileType = sourcecode.swift; path = SidebarView.swift; sourceTree = "<group>"; };
		1A7237629BDEC9C10C538B31 /* ItemRow.swift */ = {isa = PBXFileReference; lastKnownFileType = sourcecode.swift; path = ItemRow.swift; sourceTree = "<group>"; };
		32B13480465DB52DF36594F6 /* AddItemSheet.swift */ = {isa = PBXFileReference; lastKnownFileType = sourcecode.swift; path = AddItemSheet.swift; sourceTree = "<group>"; };
		4002B3873E2D9DE0E0A232B4 /* ChatMessage.swift */ = {isa = PBXFileReference; lastKnownFileType = sourcecode.swift; path = ChatMessage.swift; sourceTree = "<group>"; };
		53AAA201429ADFA122A77BE6 /* SettingsView.swift */ = {isa = PBXFileReference; lastKnownFileType = sourcecode.swift; path = SettingsView.swift; sourceTree = "<group>"; };
		70AEC4564AA9412061E81145 /* AgentChatView.swift */ = {isa = PBXFileReference; lastKnownFileType = sourcecode.swift; path = AgentChatView.swift; sourceTree = "<group>"; };
		7387C395EB403CCDB8D73AA9 /* Garden.entitlements */ = {isa = PBXFileReference; lastKnownFileType = text.plist.entitlements; path = Garden.entitlements; sourceTree = "<group>"; };
		778F84809790C502F6F828D7 /* KeychainService.swift */ = {isa = PBXFileReference; lastKnownFileType = sourcecode.swift; path = KeychainService.swift; sourceTree = "<group>"; };
		8BCBE0D40AD4912CCD509C3D /* GardenApp.swift */ = {isa = PBXFileReference; lastKnownFileType = sourcecode.swift; path = GardenApp.swift; sourceTree = "<group>"; };
		9CC7E3CF269E70F46A54CB9E /* AddCategorySheet.swift */ = {isa = PBXFileReference; lastKnownFileType = sourcecode.swift; path = AddCategorySheet.swift; sourceTree = "<group>"; };
		A0AFBA7B88FA19AC2D4BD155 /* AgentService.swift */ = {isa = PBXFileReference; lastKnownFileType = sourcecode.swift; path = AgentService.swift; sourceTree = "<group>"; };
		BC6F96B1A2856D1B1E5D1E0D /* GardenItem.swift */ = {isa = PBXFileReference; lastKnownFileType = sourcecode.swift; path = GardenItem.swift; sourceTree = "<group>"; };
		D8D69B362186AB5F8A665668 /* Assets.xcassets */ = {isa = PBXFileReference; lastKnownFileType = folder.assetcatalog; path = Assets.xcassets; sourceTree = "<group>"; };
		DC30797F24C88F63610ABCBC /* BacklogStore.swift */ = {isa = PBXFileReference; lastKnownFileType = sourcecode.swift; path = BacklogStore.swift; sourceTree = "<group>"; };
		ECDBDA24A5A9254B6D172F1C /* ContentView.swift */ = {isa = PBXFileReference; lastKnownFileType = sourcecode.swift; path = ContentView.swift; sourceTree = "<group>"; };
		F89A21EBB852501EBE385C17 /* Backlog.swift */ = {isa = PBXFileReference; lastKnownFileType = sourcecode.swift; path = Backlog.swift; sourceTree = "<group>"; };
		FA6DCEA52CA304E0117943BD /* CategoryDetailView.swift */ = {isa = PBXFileReference; lastKnownFileType = sourcecode.swift; path = CategoryDetailView.swift; sourceTree = "<group>"; };
		FD5888356A710FD504A62143 /* AllItemsView.swift */ = {isa = PBXFileReference; lastKnownFileType = sourcecode.swift; path = AllItemsView.swift; sourceTree = "<group>"; };
/* End PBXFileReference section */

/* Begin PBXGroup section */
		28E2A05C420CF77B56B004C9 /* Products */ = {
			isa = PBXGroup;
			children = (
				02C59649B1EB3657E43C1662 /* Garden.app */,
			);
			name = Products;
			sourceTree = "<group>";
		};
		2CCAB86519E448138CDE8EE1 /* Services */ = {
			isa = PBXGroup;
			children = (
				A0AFBA7B88FA19AC2D4BD155 /* AgentService.swift */,
				DC30797F24C88F63610ABCBC /* BacklogStore.swift */,
				778F84809790C502F6F828D7 /* KeychainService.swift */,
			);
			path = Services;
			sourceTree = "<group>";
		};
		5830BE73AF3E6C3ADB3F2DA2 /* Garden */ = {
			isa = PBXGroup;
			children = (
				D8D69B362186AB5F8A665668 /* Assets.xcassets */,
				7387C395EB403CCDB8D73AA9 /* Garden.entitlements */,
				8BCBE0D40AD4912CCD509C3D /* GardenApp.swift */,
				AD504151CA8E01DEDD466D39 /* Models */,
				2CCAB86519E448138CDE8EE1 /* Services */,
				688A0D4AC433F617B79A6DEB /* Views */,
			);
			path = Garden;
			sourceTree = "<group>";
		};
		688A0D4AC433F617B79A6DEB /* Views */ = {
			isa = PBXGroup;
			children = (
				9CC7E3CF269E70F46A54CB9E /* AddCategorySheet.swift */,
				32B13480465DB52DF36594F6 /* AddItemSheet.swift */,
				70AEC4564AA9412061E81145 /* AgentChatView.swift */,
				FD5888356A710FD504A62143 /* AllItemsView.swift */,
				FA6DCEA52CA304E0117943BD /* CategoryDetailView.swift */,
				ECDBDA24A5A9254B6D172F1C /* ContentView.swift */,
				1A7237629BDEC9C10C538B31 /* ItemRow.swift */,
				53AAA201429ADFA122A77BE6 /* SettingsView.swift */,
				033A4080AE9512295A5FEF33 /* SidebarView.swift */,
			);
			path = Views;
			sourceTree = "<group>";
		};
		AD504151CA8E01DEDD466D39 /* Models */ = {
			isa = PBXGroup;
			children = (
				F89A21EBB852501EBE385C17 /* Backlog.swift */,
				4002B3873E2D9DE0E0A232B4 /* ChatMessage.swift */,
				BC6F96B1A2856D1B1E5D1E0D /* GardenItem.swift */,
			);
			path = Models;
			sourceTree = "<group>";
		};
		DBBD9650205D712FD75CD17B = {
			isa = PBXGroup;
			children = (
				5830BE73AF3E6C3ADB3F2DA2 /* Garden */,
				28E2A05C420CF77B56B004C9 /* Products */,
			);
			sourceTree = "<group>";
		};
/* End PBXGroup section */

/* Begin PBXNativeTarget section */
		F7BA5196D1C7BD577FF87DBA /* Garden */ = {
			isa = PBXNativeTarget;
			buildConfigurationList = 894007E947D7E72607CCD1C3 /* Build configuration list for PBXNativeTarget "Garden" */;
			buildPhases = (
				175B2D7DDF5E69F8CD0E34E4 /* Sources */,
				6A6EA69B2CFAC879FDA34A54 /* Resources */,
			);
			buildRules = (
			);
			dependencies = (
			);
			name = Garden;
			packageProductDependencies = (
			);
			productName = Garden;
			productReference = 02C59649B1EB3657E43C1662 /* Garden.app */;
			productType = "com.apple.product-type.application";
		};
/* End PBXNativeTarget section */

/* Begin PBXProject section */
		9C89891E67C891CD8A1D44BB /* Project object */ = {
			isa = PBXProject;
			attributes = {
				BuildIndependentTargetsInParallel = YES;
				LastUpgradeCheck = 1600;
				TargetAttributes = {
					F7BA5196D1C7BD577FF87DBA = {
						ProvisioningStyle = Automatic;
					};
				};
			};
			buildConfigurationList = 63B8B421B5C8F4B4FC22CE37 /* Build configuration list for PBXProject "Garden" */;
			compatibilityVersion = "Xcode 14.0";
			developmentRegion = en;
			hasScannedForEncodings = 0;
			knownRegions = (
				Base,
				en,
			);
			mainGroup = DBBD9650205D712FD75CD17B;
			minimizedProjectReferenceProxies = 1;
			preferredProjectObjectVersion = 77;
			projectDirPath = "";
			projectRoot = "";
			targets = (
				F7BA5196D1C7BD577FF87DBA /* Garden */,
			);
		};
/* End PBXProject section */

/* Begin PBXResourcesBuildPhase section */
		6A6EA69B2CFAC879FDA34A54 /* Resources */ = {
			isa = PBXResourcesBuildPhase;
			buildActionMask = 2147483647;
			files = (
				FFFF69F6E60BB0249C0FD2BF /* Assets.xcassets in Resources */,
			);
			runOnlyForDeploymentPostprocessing = 0;
		};
/* End PBXResourcesBuildPhase section */

/* Begin PBXSourcesBuildPhase section */
		175B2D7DDF5E69F8CD0E34E4 /* Sources */ = {
			isa = PBXSourcesBuildPhase;
			buildActionMask = 2147483647;
			files = (
				ABDE7E60B98169B5C205BD9B /* AddCategorySheet.swift in Sources */,
				9DF91EF743D954139F51E045 /* AddItemSheet.swift in Sources */,
				680B9A0BD89FE5DD6FCC3D2F /* AgentChatView.swift in Sources */,
				DA9AC228ADDEF2BADF30A89A /* AgentService.swift in Sources */,
				B7BCD7D673A7C6ED1D34EA55 /* AllItemsView.swift in Sources */,
				48E6D5F1F0560E9EA5E59976 /* Backlog.swift in Sources */,
				30244A95D44A34FD70EF09C6 /* BacklogStore.swift in Sources */,
				89AE60F27C1CAD0FC99F7C58 /* CategoryDetailView.swift in Sources */,
				4903A02E80D42F12A5FD95E1 /* ChatMessage.swift in Sources */,
				56AE4E14BE7BD149F4276DA0 /* ContentView.swift in Sources */,
				BEFCBE37EDE89B00C5210FE0 /* GardenApp.swift in Sources */,
				88B405E2129542EC28ED5CD9 /* GardenItem.swift in Sources */,
				D6A5BCCBBD4482B57CB51B2E /* ItemRow.swift in Sources */,
				105F72F4B3EAB9320813CF63 /* KeychainService.swift in Sources */,
				17C51D9E62AD9FDDD2C3C101 /* SettingsView.swift in Sources */,
				4FD1BD9EF30B64C44C17D09F /* SidebarView.swift in Sources */,
			);
			runOnlyForDeploymentPostprocessing = 0;
		};
/* End PBXSourcesBuildPhase section */

/* Begin XCBuildConfiguration section */
		0F1052B8F1FF054D2627EFA6 /* Release */ = {
			isa = XCBuildConfiguration;
			buildSettings = {
				ALWAYS_SEARCH_USER_PATHS = NO;
				CLANG_ANALYZER_NONNULL = YES;
				CLANG_ANALYZER_NUMBER_OBJECT_CONVERSION = YES_AGGRESSIVE;
				CLANG_CXX_LANGUAGE_STANDARD = "gnu++14";
				CLANG_CXX_LIBRARY = "libc++";
				CLANG_ENABLE_MODULES = YES;
				CLANG_ENABLE_OBJC_ARC = YES;
				CLANG_ENABLE_OBJC_WEAK = YES;
				CLANG_WARN_BLOCK_CAPTURE_AUTORELEASING = YES;
				CLANG_WARN_BOOL_CONVERSION = YES;
				CLANG_WARN_COMMA = YES;
				CLANG_WARN_CONSTANT_CONVERSION = YES;
				CLANG_WARN_DEPRECATED_OBJC_IMPLEMENTATIONS = YES;
				CLANG_WARN_DIRECT_OBJC_ISA_USAGE = YES_ERROR;
				CLANG_WARN_DOCUMENTATION_COMMENTS = YES;
				CLANG_WARN_EMPTY_BODY = YES;
				CLANG_WARN_ENUM_CONVERSION = YES;
				CLANG_WARN_INFINITE_RECURSION = YES;
				CLANG_WARN_INT_CONVERSION = YES;
				CLANG_WARN_NON_LITERAL_NULL_CONVERSION = YES;
				CLANG_WARN_OBJC_IMPLICIT_RETAIN_SELF = YES;
				CLANG_WARN_OBJC_LITERAL_CONVERSION = YES;
				CLANG_WARN_OBJC_ROOT_CLASS = YES_ERROR;
				CLANG_WARN_QUOTED_INCLUDE_IN_FRAMEWORK_HEADER = YES;
				CLANG_WARN_RANGE_LOOP_ANALYSIS = YES;
				CLANG_WARN_STRICT_PROTOTYPES = YES;
				CLANG_WARN_SUSPICIOUS_MOVE = YES;
				CLANG_WARN_UNGUARDED_AVAILABILITY = YES_AGGRESSIVE;
				CLANG_WARN_UNREACHABLE_CODE = YES;
				CLANG_WARN__DUPLICATE_METHOD_MATCH = YES;
				COPY_PHASE_STRIP = NO;
				DEBUG_INFORMATION_FORMAT = "dwarf-with-dsym";
				ENABLE_NS_ASSERTIONS = NO;
				ENABLE_STRICT_OBJC_MSGSEND = YES;
				GCC_C_LANGUAGE_STANDARD = gnu11;
				GCC_NO_COMMON_BLOCKS = YES;
				GCC_WARN_64_TO_32_BIT_CONVERSION = YES;
				GCC_WARN_ABOUT_RETURN_TYPE = YES_ERROR;
				GCC_WARN_UNDECLARED_SELECTOR = YES;
				GCC_WARN_UNINITIALIZED_AUTOS = YES_AGGRESSIVE;
				GCC_WARN_UNUSED_FUNCTION = YES;
				GCC_WARN_UNUSED_VARIABLE = YES;
				MACOSX_DEPLOYMENT_TARGET = 14.0;
				MTL_ENABLE_DEBUG_INFO = NO;
				MTL_FAST_MATH = YES;
				PRODUCT_NAME = "$(TARGET_NAME)";
				SDKROOT = macosx;
				SWIFT_COMPILATION_MODE = wholemodule;
				SWIFT_OPTIMIZATION_LEVEL = "-O";
				SWIFT_VERSION = 5.9;
			};
			name = Release;
		};
		10582863320DF3E9D4F9E0FD /* Release */ = {
			isa = XCBuildConfiguration;
			buildSettings = {
				ASSETCATALOG_COMPILER_APPICON_NAME = AppIcon;
				CODE_SIGN_ENTITLEMENTS = Garden/Garden.entitlements;
				CODE_SIGN_STYLE = Automatic;
				COMBINE_HIDPI_IMAGES = YES;
				CURRENT_PROJECT_VERSION = 1;
				GENERATE_INFOPLIST_FILE = YES;
				INFOPLIST_GENERATION_MODE = GeneratedFile;
				LD_RUNPATH_SEARCH_PATHS = (
					"$(inherited)",
					"@executable_path/../Frameworks",
				);
				MARKETING_VERSION = 0.1.0;
				PRODUCT_BUNDLE_IDENTIFIER = com.danny.garden;
				PRODUCT_NAME = Garden;
				SDKROOT = macosx;
			};
			name = Release;
		};
		998DFC8F6909D7300D3AC23A /* Debug */ = {
			isa = XCBuildConfiguration;
			buildSettings = {
				ASSETCATALOG_COMPILER_APPICON_NAME = AppIcon;
				CODE_SIGN_ENTITLEMENTS = Garden/Garden.entitlements;
				CODE_SIGN_STYLE = Automatic;
				COMBINE_HIDPI_IMAGES = YES;
				CURRENT_PROJECT_VERSION = 1;
				GENERATE_INFOPLIST_FILE = YES;
				INFOPLIST_GENERATION_MODE = GeneratedFile;
				LD_RUNPATH_SEARCH_PATHS = (
					"$(inherited)",
					"@executable_path/../Frameworks",
				);
				MARKETING_VERSION = 0.1.0;
				PRODUCT_BUNDLE_IDENTIFIER = com.danny.garden;
				PRODUCT_NAME = Garden;
				SDKROOT = macosx;
			};
			name = Debug;
		};
		D183FDAF6A0BF5113B2FD30D /* Debug */ = {
			isa = XCBuildConfiguration;
			buildSettings = {
				ALWAYS_SEARCH_USER_PATHS = NO;
				CLANG_ANALYZER_NONNULL = YES;
				CLANG_ANALYZER_NUMBER_OBJECT_CONVERSION = YES_AGGRESSIVE;
				CLANG_CXX_LANGUAGE_STANDARD = "gnu++14";
				CLANG_CXX_LIBRARY = "libc++";
				CLANG_ENABLE_MODULES = YES;
				CLANG_ENABLE_OBJC_ARC = YES;
				CLANG_ENABLE_OBJC_WEAK = YES;
				CLANG_WARN_BLOCK_CAPTURE_AUTORELEASING = YES;
				CLANG_WARN_BOOL_CONVERSION = YES;
				CLANG_WARN_COMMA = YES;
				CLANG_WARN_CONSTANT_CONVERSION = YES;
				CLANG_WARN_DEPRECATED_OBJC_IMPLEMENTATIONS = YES;
				CLANG_WARN_DIRECT_OBJC_ISA_USAGE = YES_ERROR;
				CLANG_WARN_DOCUMENTATION_COMMENTS = YES;
				CLANG_WARN_EMPTY_BODY = YES;
				CLANG_WARN_ENUM_CONVERSION = YES;
				CLANG_WARN_INFINITE_RECURSION = YES;
				CLANG_WARN_INT_CONVERSION = YES;
				CLANG_WARN_NON_LITERAL_NULL_CONVERSION = YES;
				CLANG_WARN_OBJC_IMPLICIT_RETAIN_SELF = YES;
				CLANG_WARN_OBJC_LITERAL_CONVERSION = YES;
				CLANG_WARN_OBJC_ROOT_CLASS = YES_ERROR;
				CLANG_WARN_QUOTED_INCLUDE_IN_FRAMEWORK_HEADER = YES;
				CLANG_WARN_RANGE_LOOP_ANALYSIS = YES;
				CLANG_WARN_STRICT_PROTOTYPES = YES;
				CLANG_WARN_SUSPICIOUS_MOVE = YES;
				CLANG_WARN_UNGUARDED_AVAILABILITY = YES_AGGRESSIVE;
				CLANG_WARN_UNREACHABLE_CODE = YES;
				CLANG_WARN__DUPLICATE_METHOD_MATCH = YES;
				COPY_PHASE_STRIP = NO;
				DEBUG_INFORMATION_FORMAT = dwarf;
				ENABLE_STRICT_OBJC_MSGSEND = YES;
				ENABLE_TESTABILITY = YES;
				GCC_C_LANGUAGE_STANDARD = gnu11;
				GCC_DYNAMIC_NO_PIC = NO;
				GCC_NO_COMMON_BLOCKS = YES;
				GCC_OPTIMIZATION_LEVEL = 0;
				GCC_PREPROCESSOR_DEFINITIONS = (
					"$(inherited)",
					"DEBUG=1",
				);
				GCC_WARN_64_TO_32_BIT_CONVERSION = YES;
				GCC_WARN_ABOUT_RETURN_TYPE = YES_ERROR;
				GCC_WARN_UNDECLARED_SELECTOR = YES;
				GCC_WARN_UNINITIALIZED_AUTOS = YES_AGGRESSIVE;
				GCC_WARN_UNUSED_FUNCTION = YES;
				GCC_WARN_UNUSED_VARIABLE = YES;
				MACOSX_DEPLOYMENT_TARGET = 14.0;
				MTL_ENABLE_DEBUG_INFO = INCLUDE_SOURCE;
				MTL_FAST_MATH = YES;
				ONLY_ACTIVE_ARCH = YES;
				PRODUCT_NAME = "$(TARGET_NAME)";
				SDKROOT = macosx;
				SWIFT_ACTIVE_COMPILATION_CONDITIONS = DEBUG;
				SWIFT_OPTIMIZATION_LEVEL = "-Onone";
				SWIFT_VERSION = 5.9;
			};
			name = Debug;
		};
/* End XCBuildConfiguration section */

/* Begin XCConfigurationList section */
		63B8B421B5C8F4B4FC22CE37 /* Build configuration list for PBXProject "Garden" */ = {
			isa = XCConfigurationList;
			buildConfigurations = (
				D183FDAF6A0BF5113B2FD30D /* Debug */,
				0F1052B8F1FF054D2627EFA6 /* Release */,
			);
			defaultConfigurationIsVisible = 0;
			defaultConfigurationName = Debug;
		};
		894007E947D7E72607CCD1C3 /* Build configuration list for PBXNativeTarget "Garden" */ = {
			isa = XCConfigurationList;
			buildConfigurations = (
				998DFC8F6909D7300D3AC23A /* Debug */,
				10582863320DF3E9D4F9E0FD /* Release */,
			);
			defaultConfigurationIsVisible = 0;
			defaultConfigurationName = Debug;
		};
/* End XCConfigurationList section */
	};
	rootObject = 9C89891E67C891CD8A1D44BB /* Project object */;
}
